
Microsoft Visual Studio Solution File, Format Version 12.00
# Visual Studio Version 17
VisualStudioVersion = 17.6.33801.468
MinimumVisualStudioVersion = 10.0.40219.1
Project("{9A19103F-16F7-4668-BE54-9A1E7A4F7556}") = "Lab03-Challenge", "Lab03-Challenge\Lab03-Challenge.csproj", "{F721040C-0A87-4A1D-8B1D-4C37E7EF6E7B}"
EndProject
Project("{9A19103F-16F7-4668-BE54-9A1E7A4F7556}") = "TestCahllenge1", "TestCahllenge1\TestCahllenge1.csproj", "{89B740CD-6C46-4557-81A4-4C2A21106BEC}"
EndProject
Project("{FAE04EC0-301F-11D3-BF4B-00C04F79EFBC}") = "TestChallenge2", "TestChallenge2\TestChallenge2.csproj", "{8B6092EB-50EC-47E0-ADEE-81003D2FAE87}"
EndProject
Global
	GlobalSection(SolutionConfigurationPlatforms) = preSolution
		Debug|Any CPU = Debug|Any CPU
		Release|Any CPU = Release|Any CPU
	EndGlobalSection
	GlobalSection(ProjectConfigurationPlatforms) = postSolution
		{F721040C-0A87-4A1D-8B1D-4C37E7EF6E7B}.Debug|Any CPU.ActiveCfg = Debug|Any CPU
		{F721040C-0A87-4A1D-8B1D-4C37E7EF6E7B}.Debug|Any CPU.Build.0 = Debug|Any CPU
		{F721040C-0A87-4A1D-8B1D-4C37E7EF6E7B}.Release|Any CPU.ActiveCfg = Release|Any CPU
		{F721040C-0A87-4A1D-8B1D-4C37E7EF6E7B}.Release|Any CPU.Build.0 = Release|Any CPU
		{89B740CD-6C46-4557-81A4-4C2A21106BEC}.Debug|Any CPU.ActiveCfg = Debug|Any CPU
		{89B740CD-6C46-4557-81A4-4C2A21106BEC}.Debug|Any CPU.Build.0 = Debug|Any CPU
		{89B740CD-6C46-4557-81A4-4C2A21106BEC}.Release|Any CPU.ActiveCfg = Release|Any CPU
		{89B740CD-6C46-4557-81A4-4C2A21106BEC}.Release|Any CPU.Build.0 = Release|Any CPU
		{8B6092EB-50EC-47E0-ADEE-81003D2FAE87}.Debug|Any CPU.ActiveCfg = Debug|Any CPU
		{8B6092EB-50EC-47E0-ADEE-81003D2FAE87}.Debug|Any CPU.Build.0 = Debug|Any CPU
		{8B6092EB-50EC-47E0-ADEE-81003D2FAE87}.Release|Any CPU.ActiveCfg = Release|Any CPU
		{8B6092EB-50EC-47E0-ADEE-81003D2FAE87}.Release|Any CPU.Build.0 = Release|Any CPU
	EndGlobalSection
	GlobalSection(SolutionProperties) = preSolution
		HideSolutionNode = FALSE
	EndGlobalSection
	GlobalSection(ExtensibilityGlobals) = postSolution
		SolutionGuid = {DC87FC99-29D8-468B-B9C9-54CB2AD04376}
	EndGlobalSection
EndGlobal
